
Microsoft Visual Studio Solution File, Format Version 12.00
# Visual Studio Version 16
VisualStudioVersion = 16.0.29306.81
MinimumVisualStudioVersion = 10.0.40219.1
Project("{FAE04EC0-301F-11D3-BF4B-00C04F79EFBC}") = "NuclearPhysicsProgram", "NuclearPhysicsProgram\NuclearPhysicsProgram.csproj", "{9A3C4CFD-2C92-47A4-A13A-029C903553DB}"
EndProject
Global
	GlobalSection(SolutionConfigurationPlatforms) = preSolution
		Debug|Any CPU = Debug|Any CPU
		Debug|x86 = Debug|x86
		Release|Any CPU = Release|Any CPU
		Release|x86 = Release|x86
	EndGlobalSection
	GlobalSection(ProjectConfigurationPlatforms) = postSolution
		{9A3C4CFD-2C92-47A4-A13A-029C903553DB}.Debug|Any CPU.ActiveCfg = Debug|Any CPU
		{9A3C4CFD-2C92-47A4-A13A-029C903553DB}.Debug|Any CPU.Build.0 = Debug|Any CPU
		{9A3C4CFD-2C92-47A4-A13A-029C903553DB}.Debug|x86.ActiveCfg = Debug|Any CPU
		{9A3C4CFD-2C92-47A4-A13A-029C903553DB}.Debug|x86.Build.0 = Debug|Any CPU
		{9A3C4CFD-2C92-47A4-A13A-029C903553DB}.Release|Any CPU.ActiveCfg = Release|Any CPU
		{9A3C4CFD-2C92-47A4-A13A-029C903553DB}.Release|Any CPU.Build.0 = Release|Any CPU
		{9A3C4CFD-2C92-47A4-A13A-029C903553DB}.Release|x86.ActiveCfg = Release|x86
		{9A3C4CFD-2C92-47A4-A13A-029C903553DB}.Release|x86.Build.0 = Release|x86
	EndGlobalSection
	GlobalSection(SolutionProperties) = preSolution
		HideSolutionNode = FALSE
	EndGlobalSection
	GlobalSection(ExtensibilityGlobals) = postSolution
		SolutionGuid = {884CC9AD-445B-484A-8E92-4D3079A4C33E}
	EndGlobalSection
EndGlobal
